// !$*UTF8*$!
{
	archiveVersion = 1;
	classes = {
	};
	objectVersion = 56;
	objects = {

/* Begin PBXBuildFile section */
		666443632C00EAF200EEF8C5 /* SceneVisualizerApp.swift in Sources */ = {isa = PBXBuildFile; fileRef = 666443622C00EAF200EEF8C5 /* SceneVisualizerApp.swift */; };
		666443672C00EAF200EEF8C5 /* ImmersiveView.swift in Sources */ = {isa = PBXBuildFile; fileRef = 666443662C00EAF200EEF8C5 /* ImmersiveView.swift */; };
		666443692C00EAF300EEF8C5 /* Assets.xcassets in Resources */ = {isa = PBXBuildFile; fileRef = 666443682C00EAF300EEF8C5 /* Assets.xcassets */; };
		6664436C2C00EAF300EEF8C5 /* Preview Assets.xcassets in Resources */ = {isa = PBXBuildFile; fileRef = 6664436B2C00EAF300EEF8C5 /* Preview Assets.xcassets */; };
		666443752C00EB2500EEF8C5 /* ARKitModel.swift in Sources */ = {isa = PBXBuildFile; fileRef = 666443742C00EB2500EEF8C5 /* ARKitModel.swift */; };
		666443782C00F26A00EEF8C5 /* GeometrySource.swift in Sources */ = {isa = PBXBuildFile; fileRef = 666443772C00F26A00EEF8C5 /* GeometrySource.swift */; };
		6664437A2C00F77C00EEF8C5 /* Materials.usda in Resources */ = {isa = PBXBuildFile; fileRef = 666443792C00F77C00EEF8C5 /* Materials.usda */; };
		6664437C2C02558600EEF8C5 /* WristSettingsTriggerView.swift in Sources */ = {isa = PBXBuildFile; fileRef = 6664437B2C02558600EEF8C5 /* WristSettingsTriggerView.swift */; };
		6664437F2C02561300EEF8C5 /* SettingsView.swift in Sources */ = {isa = PBXBuildFile; fileRef = 6664437E2C02561300EEF8C5 /* SettingsView.swift */; };
		666443812C02569F00EEF8C5 /* RealityKitModel.swift in Sources */ = {isa = PBXBuildFile; fileRef = 666443802C02569F00EEF8C5 /* RealityKitModel.swift */; };
/* End PBXBuildFile section */

/* Begin PBXFileReference section */
		6664435B2C00EAF200EEF8C5 /* SceneVisualizer.app */ = {isa = PBXFileReference; explicitFileType = wrapper.application; includeInIndex = 0; path = SceneVisualizer.app; sourceTree = BUILT_PRODUCTS_DIR; };
		666443622C00EAF200EEF8C5 /* SceneVisualizerApp.swift */ = {isa = PBXFileReference; lastKnownFileType = sourcecode.swift; path = SceneVisualizerApp.swift; sourceTree = "<group>"; };
		666443662C00EAF200EEF8C5 /* ImmersiveView.swift */ = {isa = PBXFileReference; lastKnownFileType = sourcecode.swift; path = ImmersiveView.swift; sourceTree = "<group>"; };
		666443682C00EAF300EEF8C5 /* Assets.xcassets */ = {isa = PBXFileReference; lastKnownFileType = folder.assetcatalog; path = Assets.xcassets; sourceTree = "<group>"; };
		6664436B2C00EAF300EEF8C5 /* Preview Assets.xcassets */ = {isa = PBXFileReference; lastKnownFileType = folder.assetcatalog; path = "Preview Assets.xcassets"; sourceTree = "<group>"; };
		6664436D2C00EAF300EEF8C5 /* Info.plist */ = {isa = PBXFileReference; lastKnownFileType = text.plist.xml; path = Info.plist; sourceTree = "<group>"; };
		666443742C00EB2500EEF8C5 /* ARKitModel.swift */ = {isa = PBXFileReference; lastKnownFileType = sourcecode.swift; path = ARKitModel.swift; sourceTree = "<group>"; };
		666443772C00F26A00EEF8C5 /* GeometrySource.swift */ = {isa = PBXFileReference; lastKnownFileType = sourcecode.swift; path = GeometrySource.swift; sourceTree = "<group>"; };
		666443792C00F77C00EEF8C5 /* Materials.usda */ = {isa = PBXFileReference; fileEncoding = 4; lastKnownFileType = text; path = Materials.usda; sourceTree = "<group>"; };
		6664437B2C02558600EEF8C5 /* WristSettingsTriggerView.swift */ = {isa = PBXFileReference; lastKnownFileType = sourcecode.swift; path = WristSettingsTriggerView.swift; sourceTree = "<group>"; };
		6664437E2C02561300EEF8C5 /* SettingsView.swift */ = {isa = PBXFileReference; lastKnownFileType = sourcecode.swift; path = SettingsView.swift; sourceTree = "<group>"; };
		666443802C02569F00EEF8C5 /* RealityKitModel.swift */ = {isa = PBXFileReference; lastKnownFileType = sourcecode.swift; path = RealityKitModel.swift; sourceTree = "<group>"; };
/* End PBXFileReference section */

/* Begin PBXFrameworksBuildPhase section */
		666443582C00EAF200EEF8C5 /* Frameworks */ = {
			isa = PBXFrameworksBuildPhase;
			buildActionMask = 2147483647;
			files = (
			);
			runOnlyForDeploymentPostprocessing = 0;
		};
/* End PBXFrameworksBuildPhase section */

/* Begin PBXGroup section */
		666443522C00EAF200EEF8C5 = {
			isa = PBXGroup;
			children = (
				6664435D2C00EAF200EEF8C5 /* SceneVisualizer */,
				6664435C2C00EAF200EEF8C5 /* Products */,
			);
			sourceTree = "<group>";
		};
		6664435C2C00EAF200EEF8C5 /* Products */ = {
			isa = PBXGroup;
			children = (
				6664435B2C00EAF200EEF8C5 /* SceneVisualizer.app */,
			);
			name = Products;
			sourceTree = "<group>";
		};
		6664435D2C00EAF200EEF8C5 /* SceneVisualizer */ = {
			isa = PBXGroup;
			children = (
				666443762C00F23200EEF8C5 /* Extensions */,
				666443732C00EB1000EEF8C5 /* Models */,
				6664437D2C02558E00EEF8C5 /* Views */,
				666443662C00EAF200EEF8C5 /* ImmersiveView.swift */,
				666443622C00EAF200EEF8C5 /* SceneVisualizerApp.swift */,
				666443792C00F77C00EEF8C5 /* Materials.usda */,
				666443682C00EAF300EEF8C5 /* Assets.xcassets */,
				6664436D2C00EAF300EEF8C5 /* Info.plist */,
				6664436A2C00EAF300EEF8C5 /* Preview Content */,
			);
			path = SceneVisualizer;
			sourceTree = "<group>";
		};
		6664436A2C00EAF300EEF8C5 /* Preview Content */ = {
			isa = PBXGroup;
			children = (
				6664436B2C00EAF300EEF8C5 /* Preview Assets.xcassets */,
			);
			path = "Preview Content";
			sourceTree = "<group>";
		};
		666443732C00EB1000EEF8C5 /* Models */ = {
			isa = PBXGroup;
			children = (
				666443742C00EB2500EEF8C5 /* ARKitModel.swift */,
				666443802C02569F00EEF8C5 /* RealityKitModel.swift */,
			);
			path = Models;
			sourceTree = "<group>";
		};
		666443762C00F23200EEF8C5 /* Extensions */ = {
			isa = PBXGroup;
			children = (
				666443772C00F26A00EEF8C5 /* GeometrySource.swift */,
			);
			path = Extensions;
			sourceTree = "<group>";
		};
		6664437D2C02558E00EEF8C5 /* Views */ = {
			isa = PBXGroup;
			children = (
				6664437B2C02558600EEF8C5 /* WristSettingsTriggerView.swift */,
				6664437E2C02561300EEF8C5 /* SettingsView.swift */,
			);
			path = Views;
			sourceTree = "<group>";
		};
/* End PBXGroup section */

/* Begin PBXNativeTarget section */
		6664435A2C00EAF200EEF8C5 /* SceneVisualizer */ = {
			isa = PBXNativeTarget;
			buildConfigurationList = 666443702C00EAF300EEF8C5 /* Build configuration list for PBXNativeTarget "SceneVisualizer" */;
			buildPhases = (
				666443572C00EAF200EEF8C5 /* Sources */,
				666443582C00EAF200EEF8C5 /* Frameworks */,
				666443592C00EAF200EEF8C5 /* Resources */,
			);
			buildRules = (
			);
			dependencies = (
			);
			name = SceneVisualizer;
			packageProductDependencies = (
			);
			productName = SceneVisualizer;
			productReference = 6664435B2C00EAF200EEF8C5 /* SceneVisualizer.app */;
			productType = "com.apple.product-type.application";
		};
/* End PBXNativeTarget section */

/* Begin PBXProject section */
		666443532C00EAF200EEF8C5 /* Project object */ = {
			isa = PBXProject;
			attributes = {
				BuildIndependentTargetsInParallel = 1;
				LastSwiftUpdateCheck = 1530;
				LastUpgradeCheck = 1530;
				TargetAttributes = {
					6664435A2C00EAF200EEF8C5 = {
						CreatedOnToolsVersion = 15.3;
					};
				};
			};
			buildConfigurationList = 666443562C00EAF200EEF8C5 /* Build configuration list for PBXProject "SceneVisualizer" */;
			compatibilityVersion = "Xcode 14.0";
			developmentRegion = en;
			hasScannedForEncodings = 0;
			knownRegions = (
				en,
				Base,
			);
			mainGroup = 666443522C00EAF200EEF8C5;
			productRefGroup = 6664435C2C00EAF200EEF8C5 /* Products */;
			projectDirPath = "";
			projectRoot = "";
			targets = (
				6664435A2C00EAF200EEF8C5 /* SceneVisualizer */,
			);
		};
/* End PBXProject section */

/* Begin PBXResourcesBuildPhase section */
		666443592C00EAF200EEF8C5 /* Resources */ = {
			isa = PBXResourcesBuildPhase;
			buildActionMask = 2147483647;
			files = (
				6664437A2C00F77C00EEF8C5 /* Materials.usda in Resources */,
				6664436C2C00EAF300EEF8C5 /* Preview Assets.xcassets in Resources */,
				666443692C00EAF300EEF8C5 /* Assets.xcassets in Resources */,
			);
			runOnlyForDeploymentPostprocessing = 0;
		};
/* End PBXResourcesBuildPhase section */

/* Begin PBXSourcesBuildPhase section */
		666443572C00EAF200EEF8C5 /* Sources */ = {
			isa = PBXSourcesBuildPhase;
			buildActionMask = 2147483647;
			files = (
				6664437F2C02561300EEF8C5 /* SettingsView.swift in Sources */,
				666443812C02569F00EEF8C5 /* RealityKitModel.swift in Sources */,
				666443632C00EAF200EEF8C5 /* SceneVisualizerApp.swift in Sources */,
				666443782C00F26A00EEF8C5 /* GeometrySource.swift in Sources */,
				666443672C00EAF200EEF8C5 /* ImmersiveView.swift in Sources */,
				6664437C2C02558600EEF8C5 /* WristSettingsTriggerView.swift in Sources */,
				666443752C00EB2500EEF8C5 /* ARKitModel.swift in Sources */,
			);
			runOnlyForDeploymentPostprocessing = 0;
		};
/* End PBXSourcesBuildPhase section */

/* Begin XCBuildConfiguration section */
		6664436E2C00EAF300EEF8C5 /* Debug */ = {
			isa = XCBuildConfiguration;
			buildSettings = {
				ALWAYS_SEARCH_USER_PATHS = NO;
				ASSETCATALOG_COMPILER_GENERATE_SWIFT_ASSET_SYMBOL_EXTENSIONS = YES;
				CLANG_ANALYZER_NONNULL = YES;
				CLANG_ANALYZER_NUMBER_OBJECT_CONVERSION = YES_AGGRESSIVE;
				CLANG_CXX_LANGUAGE_STANDARD = "gnu++20";
				CLANG_ENABLE_MODULES = YES;
				CLANG_ENABLE_OBJC_ARC = YES;
				CLANG_ENABLE_OBJC_WEAK = YES;
				CLANG_WARN_BLOCK_CAPTURE_AUTORELEASING = YES;
				CLANG_WARN_BOOL_CONVERSION = YES;
				CLANG_WARN_COMMA = YES;
				CLANG_WARN_CONSTANT_CONVERSION = YES;
				CLANG_WARN_DEPRECATED_OBJC_IMPLEMENTATIONS = YES;
				CLANG_WARN_DIRECT_OBJC_ISA_USAGE = YES_ERROR;
				CLANG_WARN_DOCUMENTATION_COMMENTS = YES;
				CLANG_WARN_EMPTY_BODY = YES;
				CLANG_WARN_ENUM_CONVERSION = YES;
				CLANG_WARN_INFINITE_RECURSION = YES;
				CLANG_WARN_INT_CONVERSION = YES;
				CLANG_WARN_NON_LITERAL_NULL_CONVERSION = YES;
				CLANG_WARN_OBJC_IMPLICIT_RETAIN_SELF = YES;
				CLANG_WARN_OBJC_LITERAL_CONVERSION = YES;
				CLANG_WARN_OBJC_ROOT_CLASS = YES_ERROR;
				CLANG_WARN_QUOTED_INCLUDE_IN_FRAMEWORK_HEADER = YES;
				CLANG_WARN_RANGE_LOOP_ANALYSIS = YES;
				CLANG_WARN_STRICT_PROTOTYPES = YES;
				CLANG_WARN_SUSPICIOUS_MOVE = YES;
				CLANG_WARN_UNGUARDED_AVAILABILITY = YES_AGGRESSIVE;
				CLANG_WARN_UNREACHABLE_CODE = YES;
				CLANG_WARN__DUPLICATE_METHOD_MATCH = YES;
				COPY_PHASE_STRIP = NO;
				DEBUG_INFORMATION_FORMAT = dwarf;
				ENABLE_STRICT_OBJC_MSGSEND = YES;
				ENABLE_TESTABILITY = YES;
				ENABLE_USER_SCRIPT_SANDBOXING = YES;
				GCC_C_LANGUAGE_STANDARD = gnu17;
				GCC_DYNAMIC_NO_PIC = NO;
				GCC_NO_COMMON_BLOCKS = YES;
				GCC_OPTIMIZATION_LEVEL = 0;
				GCC_PREPROCESSOR_DEFINITIONS = (
					"DEBUG=1",
					"$(inherited)",
				);
				GCC_WARN_64_TO_32_BIT_CONVERSION = YES;
				GCC_WARN_ABOUT_RETURN_TYPE = YES_ERROR;
				GCC_WARN_UNDECLARED_SELECTOR = YES;
				GCC_WARN_UNINITIALIZED_AUTOS = YES_AGGRESSIVE;
				GCC_WARN_UNUSED_FUNCTION = YES;
				GCC_WARN_UNUSED_VARIABLE = YES;
				LOCALIZATION_PREFERS_STRING_CATALOGS = YES;
				MTL_ENABLE_DEBUG_INFO = INCLUDE_SOURCE;
				MTL_FAST_MATH = YES;
				ONLY_ACTIVE_ARCH = YES;
				SDKROOT = xros;
				SWIFT_ACTIVE_COMPILATION_CONDITIONS = "DEBUG $(inherited)";
				SWIFT_OPTIMIZATION_LEVEL = "-Onone";
				XROS_DEPLOYMENT_TARGET = 1.1;
			};
			name = Debug;
		};
		6664436F2C00EAF300EEF8C5 /* Release */ = {
			isa = XCBuildConfiguration;
			buildSettings = {
				ALWAYS_SEARCH_USER_PATHS = NO;
				ASSETCATALOG_COMPILER_GENERATE_SWIFT_ASSET_SYMBOL_EXTENSIONS = YES;
				CLANG_ANALYZER_NONNULL = YES;
				CLANG_ANALYZER_NUMBER_OBJECT_CONVERSION = YES_AGGRESSIVE;
				CLANG_CXX_LANGUAGE_STANDARD = "gnu++20";
				CLANG_ENABLE_MODULES = YES;
				CLANG_ENABLE_OBJC_ARC = YES;
				CLANG_ENABLE_OBJC_WEAK = YES;
				CLANG_WARN_BLOCK_CAPTURE_AUTORELEASING = YES;
				CLANG_WARN_BOOL_CONVERSION = YES;
				CLANG_WARN_COMMA = YES;
				CLANG_WARN_CONSTANT_CONVERSION = YES;
				CLANG_WARN_DEPRECATED_OBJC_IMPLEMENTATIONS = YES;
				CLANG_WARN_DIRECT_OBJC_ISA_USAGE = YES_ERROR;
				CLANG_WARN_DOCUMENTATION_COMMENTS = YES;
				CLANG_WARN_EMPTY_BODY = YES;
				CLANG_WARN_ENUM_CONVERSION = YES;
				CLANG_WARN_INFINITE_RECURSION = YES;
				CLANG_WARN_INT_CONVERSION = YES;
				CLANG_WARN_NON_LITERAL_NULL_CONVERSION = YES;
				CLANG_WARN_OBJC_IMPLICIT_RETAIN_SELF = YES;
				CLANG_WARN_OBJC_LITERAL_CONVERSION = YES;
				CLANG_WARN_OBJC_ROOT_CLASS = YES_ERROR;
				CLANG_WARN_QUOTED_INCLUDE_IN_FRAMEWORK_HEADER = YES;
				CLANG_WARN_RANGE_LOOP_ANALYSIS = YES;
				CLANG_WARN_STRICT_PROTOTYPES = YES;
				CLANG_WARN_SUSPICIOUS_MOVE = YES;
				CLANG_WARN_UNGUARDED_AVAILABILITY = YES_AGGRESSIVE;
				CLANG_WARN_UNREACHABLE_CODE = YES;
				CLANG_WARN__DUPLICATE_METHOD_MATCH = YES;
				COPY_PHASE_STRIP = NO;
				DEBUG_INFORMATION_FORMAT = "dwarf-with-dsym";
				ENABLE_NS_ASSERTIONS = NO;
				ENABLE_STRICT_OBJC_MSGSEND = YES;
				ENABLE_USER_SCRIPT_SANDBOXING = YES;
				GCC_C_LANGUAGE_STANDARD = gnu17;
				GCC_NO_COMMON_BLOCKS = YES;
				GCC_WARN_64_TO_32_BIT_CONVERSION = YES;
				GCC_WARN_ABOUT_RETURN_TYPE = YES_ERROR;
				GCC_WARN_UNDECLARED_SELECTOR = YES;
				GCC_WARN_UNINITIALIZED_AUTOS = YES_AGGRESSIVE;
				GCC_WARN_UNUSED_FUNCTION = YES;
				GCC_WARN_UNUSED_VARIABLE = YES;
				LOCALIZATION_PREFERS_STRING_CATALOGS = YES;
				MTL_ENABLE_DEBUG_INFO = NO;
				MTL_FAST_MATH = YES;
				SDKROOT = xros;
				SWIFT_COMPILATION_MODE = wholemodule;
				VALIDATE_PRODUCT = YES;
				XROS_DEPLOYMENT_TARGET = 1.1;
			};
			name = Release;
		};
		666443712C00EAF300EEF8C5 /* Debug */ = {
			isa = XCBuildConfiguration;
			buildSettings = {
				ASSETCATALOG_COMPILER_APPICON_NAME = AppIcon;
				ASSETCATALOG_COMPILER_GLOBAL_ACCENT_COLOR_NAME = AccentColor;
				CODE_SIGN_STYLE = Automatic;
				CURRENT_PROJECT_VERSION = 1;
				DEVELOPMENT_ASSET_PATHS = "\"SceneVisualizer/Preview Content\"";
				DEVELOPMENT_TEAM = 58JLRGUCJQ;
				ENABLE_PREVIEWS = YES;
				GENERATE_INFOPLIST_FILE = YES;
				INFOPLIST_FILE = "$(TARGET_NAME)/Info.plist";
				LD_RUNPATH_SEARCH_PATHS = (
					"$(inherited)",
					"@executable_path/Frameworks",
				);
				MARKETING_VERSION = 1.0;
				PRODUCT_BUNDLE_IDENTIFIER = im.agg.SceneVisualizer;
				PRODUCT_NAME = "$(TARGET_NAME)";
				SUPPORTED_PLATFORMS = "xros xrsimulator";
				SWIFT_EMIT_LOC_STRINGS = YES;
				SWIFT_VERSION = 5.0;
				TARGETED_DEVICE_FAMILY = "1,2,7";
			};
			name = Debug;
		};
		666443722C00EAF300EEF8C5 /* Release */ = {
			isa = XCBuildConfiguration;
			buildSettings = {
				ASSETCATALOG_COMPILER_APPICON_NAME = AppIcon;
				ASSETCATALOG_COMPILER_GLOBAL_ACCENT_COLOR_NAME = AccentColor;
				CODE_SIGN_STYLE = Automatic;
				CURRENT_PROJECT_VERSION = 1;
				DEVELOPMENT_ASSET_PATHS = "\"SceneVisualizer/Preview Content\"";
				DEVELOPMENT_TEAM = 58JLRGUCJQ;
				ENABLE_PREVIEWS = YES;
				GENERATE_INFOPLIST_FILE = YES;
				INFOPLIST_FILE = "$(TARGET_NAME)/Info.plist";
				LD_RUNPATH_SEARCH_PATHS = (
					"$(inherited)",
					"@executable_path/Frameworks",
				);
				MARKETING_VERSION = 1.0;
				PRODUCT_BUNDLE_IDENTIFIER = im.agg.SceneVisualizer;
				PRODUCT_NAME = "$(TARGET_NAME)";
				SUPPORTED_PLATFORMS = "xros xrsimulator";
				SWIFT_EMIT_LOC_STRINGS = YES;
				SWIFT_VERSION = 5.0;
				TARGETED_DEVICE_FAMILY = "1,2,7";
			};
			name = Release;
		};
/* End XCBuildConfiguration section */

/* Begin XCConfigurationList section */
		666443562C00EAF200EEF8C5 /* Build configuration list for PBXProject "SceneVisualizer" */ = {
			isa = XCConfigurationList;
			buildConfigurations = (
				6664436E2C00EAF300EEF8C5 /* Debug */,
				6664436F2C00EAF300EEF8C5 /* Release */,
			);
			defaultConfigurationIsVisible = 0;
			defaultConfigurationName = Release;
		};
		666443702C00EAF300EEF8C5 /* Build configuration list for PBXNativeTarget "SceneVisualizer" */ = {
			isa = XCConfigurationList;
			buildConfigurations = (
				666443712C00EAF300EEF8C5 /* Debug */,
				666443722C00EAF300EEF8C5 /* Release */,
			);
			defaultConfigurationIsVisible = 0;
			defaultConfigurationName = Release;
		};
/* End XCConfigurationList section */
	};
	rootObject = 666443532C00EAF200EEF8C5 /* Project object */;
}
